
Microsoft Visual Studio Solution File, Format Version 12.00
# Visual Studio 15
VisualStudioVersion = 15.0.27703.2042
MinimumVisualStudioVersion = 10.0.40219.1
Project("{FAE04EC0-301F-11D3-BF4B-00C04F79EFBC}") = "ChildWindowExample", "ChildWindowExample\ChildWindowExample.csproj", "{438BC868-3E2D-47C5-9791-8CDE63E3551E}"
EndProject
Global
	GlobalSection(SolutionConfigurationPlatforms) = preSolution
		Debug|Any CPU = Debug|Any CPU
		Release|Any CPU = Release|Any CPU
	EndGlobalSection
	GlobalSection(ProjectConfigurationPlatforms) = postSolution
		{438BC868-3E2D-47C5-9791-8CDE63E3551E}.Debug|Any CPU.ActiveCfg = Debug|Any CPU
		{438BC868-3E2D-47C5-9791-8CDE63E3551E}.Debug|Any CPU.Build.0 = Debug|Any CPU
		{438BC868-3E2D-47C5-9791-8CDE63E3551E}.Release|Any CPU.ActiveCfg = Release|Any CPU
		{438BC868-3E2D-47C5-9791-8CDE63E3551E}.Release|Any CPU.Build.0 = Release|Any CPU
	EndGlobalSection
	GlobalSection(SolutionProperties) = preSolution
		HideSolutionNode = FALSE
	EndGlobalSection
	GlobalSection(ExtensibilityGlobals) = postSolution
		SolutionGuid = {EE991277-7AC0-4F98-83E1-32C1A7EB8113}
	EndGlobalSection
EndGlobal
